
Microsoft Visual Studio Solution File, Format Version 12.00
# Visual Studio Version 17
VisualStudioVersion = 17.11.35327.3
MinimumVisualStudioVersion = 10.0.40219.1
Project("{9A19103F-16F7-4668-BE54-9A1E7A4F7556}") = "PiIrrigateServer", "PiIrrigateServer.csproj", "{FDDFB337-F866-49FC-88D5-8295471167DF}"
EndProject
Global
	GlobalSection(SolutionConfigurationPlatforms) = preSolution
		Debug|Any CPU = Debug|Any CPU
		Release|Any CPU = Release|Any CPU
	EndGlobalSection
	GlobalSection(ProjectConfigurationPlatforms) = postSolution
		{FDDFB337-F866-49FC-88D5-8295471167DF}.Debug|Any CPU.ActiveCfg = Debug|Any CPU
		{FDDFB337-F866-49FC-88D5-8295471167DF}.Debug|Any CPU.Build.0 = Debug|Any CPU
		{FDDFB337-F866-49FC-88D5-8295471167DF}.Release|Any CPU.ActiveCfg = Release|Any CPU
		{FDDFB337-F866-49FC-88D5-8295471167DF}.Release|Any CPU.Build.0 = Release|Any CPU
	EndGlobalSection
	GlobalSection(SolutionProperties) = preSolution
		HideSolutionNode = FALSE
	EndGlobalSection
	GlobalSection(ExtensibilityGlobals) = postSolution
		SolutionGuid = {4E8D3916-E648-473E-942A-4AF2DFB82AC0}
	EndGlobalSection
EndGlobal
